
Microsoft Visual Studio Solution File, Format Version 11.00
# Visual Studio 2010
# SharpDevelop 5.1
Project("{FAE04EC0-301F-11D3-BF4B-00C04F79EFBC}") = "GL12EVA1-SharpDevelop-GM21057", "GL12EVA1-SharpDevelop-GM21057\GL12EVA1-SharpDevelop-GM21057.csproj", "{5CE1A382-F7FF-4A0A-8CF1-631D561D5237}"
EndProject
Global
	GlobalSection(SolutionConfigurationPlatforms) = preSolution
		Debug|Any CPU = Debug|Any CPU
		Release|Any CPU = Release|Any CPU
	EndGlobalSection
	GlobalSection(ProjectConfigurationPlatforms) = postSolution
		{5CE1A382-F7FF-4A0A-8CF1-631D561D5237}.Debug|Any CPU.ActiveCfg = Debug|Any CPU
		{5CE1A382-F7FF-4A0A-8CF1-631D561D5237}.Debug|Any CPU.Build.0 = Debug|Any CPU
		{5CE1A382-F7FF-4A0A-8CF1-631D561D5237}.Release|Any CPU.ActiveCfg = Release|Any CPU
		{5CE1A382-F7FF-4A0A-8CF1-631D561D5237}.Release|Any CPU.Build.0 = Release|Any CPU
	EndGlobalSection
EndGlobal
